
Microsoft Visual Studio Solution File, Format Version 12.00
# Visual Studio Version 17
VisualStudioVersion = 17.7.34031.279
MinimumVisualStudioVersion = 10.0.40219.1
Project("{FAE04EC0-301F-11D3-BF4B-00C04F79EFBC}") = "22, Static Attribute", "22, Static Attribute\22, Static Attribute.csproj", "{2B0DDBA0-B1F8-44B5-886A-24D88A5097E6}"
EndProject
Global
	GlobalSection(SolutionConfigurationPlatforms) = preSolution
		Debug|Any CPU = Debug|Any CPU
		Release|Any CPU = Release|Any CPU
	EndGlobalSection
	GlobalSection(ProjectConfigurationPlatforms) = postSolution
		{2B0DDBA0-B1F8-44B5-886A-24D88A5097E6}.Debug|Any CPU.ActiveCfg = Debug|Any CPU
		{2B0DDBA0-B1F8-44B5-886A-24D88A5097E6}.Debug|Any CPU.Build.0 = Debug|Any CPU
		{2B0DDBA0-B1F8-44B5-886A-24D88A5097E6}.Release|Any CPU.ActiveCfg = Release|Any CPU
		{2B0DDBA0-B1F8-44B5-886A-24D88A5097E6}.Release|Any CPU.Build.0 = Release|Any CPU
	EndGlobalSection
	GlobalSection(SolutionProperties) = preSolution
		HideSolutionNode = FALSE
	EndGlobalSection
	GlobalSection(ExtensibilityGlobals) = postSolution
		SolutionGuid = {517D0F16-5D46-4D0E-A095-E858E4EE42A1}
	EndGlobalSection
EndGlobal
